{
  "name": "atag-quick-ref",
  "version": "0.1.0",
  "lockfileVersion": 2,
  "requires": true,
  "packages": {
    "": {
      "name": "atag-quick-ref",
      "version": "0.1.0",
      "license": "MIT",
      "dependencies": {
        "atag-as-json": "^0.2.1"
      }
    },
    "node_modules/atag-as-json": {
      "version": "0.2.1",
      "resolved": "https://registry.npmjs.org/atag-as-json/-/atag-as-json-0.2.1.tgz",
      "integrity": "sha512-rcEoj3osxBcq8i6F4DsN66TuwqDclhEt5XhFWPFrecOHw0lgKOszR4QrrIJAd6li7p1j3LWC3nY+S6Yy7DToWA=="
    }
  },
  "dependencies": {
    "atag-as-json": {
      "version": "0.2.1",
      "resolved": "https://registry.npmjs.org/atag-as-json/-/atag-as-json-0.2.1.tgz",
      "integrity": "sha512-rcEoj3osxBcq8i6F4DsN66TuwqDclhEt5XhFWPFrecOHw0lgKOszR4QrrIJAd6li7p1j3LWC3nY+S6Yy7DToWA=="
    }
  }
}
